
Microsoft Visual Studio Solution File, Format Version 12.00
# Visual Studio Version 16
VisualStudioVersion = 16.0.30907.101
MinimumVisualStudioVersion = 10.0.40219.1
Project("{8BC9CEB8-8B4A-11D0-8D11-00A0C91BC942}") = "Lab Attendance Grader", "Lab Attendance Grader\Lab Attendance Grader.vcxproj", "{79099866-90CD-49FE-A236-A8EC63CC6E68}"
EndProject
Global
	GlobalSection(SolutionConfigurationPlatforms) = preSolution
		Debug|x64 = Debug|x64
		Debug|x86 = Debug|x86
		Release|x64 = Release|x64
		Release|x86 = Release|x86
	EndGlobalSection
	GlobalSection(ProjectConfigurationPlatforms) = postSolution
		{79099866-90CD-49FE-A236-A8EC63CC6E68}.Debug|x64.ActiveCfg = Debug|x64
		{79099866-90CD-49FE-A236-A8EC63CC6E68}.Debug|x64.Build.0 = Debug|x64
		{79099866-90CD-49FE-A236-A8EC63CC6E68}.Debug|x86.ActiveCfg = Debug|Win32
		{79099866-90CD-49FE-A236-A8EC63CC6E68}.Debug|x86.Build.0 = Debug|Win32
		{79099866-90CD-49FE-A236-A8EC63CC6E68}.Release|x64.ActiveCfg = Release|x64
		{79099866-90CD-49FE-A236-A8EC63CC6E68}.Release|x64.Build.0 = Release|x64
		{79099866-90CD-49FE-A236-A8EC63CC6E68}.Release|x86.ActiveCfg = Release|Win32
		{79099866-90CD-49FE-A236-A8EC63CC6E68}.Release|x86.Build.0 = Release|Win32
	EndGlobalSection
	GlobalSection(SolutionProperties) = preSolution
		HideSolutionNode = FALSE
	EndGlobalSection
	GlobalSection(ExtensibilityGlobals) = postSolution
		SolutionGuid = {8C14339A-F14A-4C4E-BA97-7C235D39F4BE}
	EndGlobalSection
EndGlobal
